// !$*UTF8*$!
{
	archiveVersion = 1;
	classes = {
	};
	objectVersion = 55;
	objects = {

/* Begin PBXBuildFile section */
		DE4582072789E63D00C231CC /* CoinAppApp.swift in Sources */ = {isa = PBXBuildFile; fileRef = DE4582062789E63D00C231CC /* CoinAppApp.swift */; };
		DE4582092789E63D00C231CC /* ContentView.swift in Sources */ = {isa = PBXBuildFile; fileRef = DE4582082789E63D00C231CC /* ContentView.swift */; };
		DE45820E2789E63F00C231CC /* Preview Assets.xcassets in Resources */ = {isa = PBXBuildFile; fileRef = DE45820D2789E63F00C231CC /* Preview Assets.xcassets */; };
		DE4582152789E74B00C231CC /* Assets.xcassets in Resources */ = {isa = PBXBuildFile; fileRef = DE4582142789E74B00C231CC /* Assets.xcassets */; };
		DE45821B2789E98C00C231CC /* Color.swift in Sources */ = {isa = PBXBuildFile; fileRef = DE45821A2789E98C00C231CC /* Color.swift */; };
		DE4582202789ECDC00C231CC /* HomeView.swift in Sources */ = {isa = PBXBuildFile; fileRef = DE45821F2789ECDC00C231CC /* HomeView.swift */; };
		DE4582252789EEFE00C231CC /* CircleButtonView.swift in Sources */ = {isa = PBXBuildFile; fileRef = DE4582242789EEFE00C231CC /* CircleButtonView.swift */; };
		DE458227278A217F00C231CC /* CircleButtonAnimationView.swift in Sources */ = {isa = PBXBuildFile; fileRef = DE458226278A217F00C231CC /* CircleButtonAnimationView.swift */; };
		DE45822A278A2B2D00C231CC /* CoinModel.swift in Sources */ = {isa = PBXBuildFile; fileRef = DE458229278A2B2D00C231CC /* CoinModel.swift */; };
		DE45822C278A40DF00C231CC /* CoinRowView.swift in Sources */ = {isa = PBXBuildFile; fileRef = DE45822B278A40DF00C231CC /* CoinRowView.swift */; };
		DE45822E278A410100C231CC /* PreviewProvider.swift in Sources */ = {isa = PBXBuildFile; fileRef = DE45822D278A410100C231CC /* PreviewProvider.swift */; };
		DE458230278A4BAC00C231CC /* Double.swift in Sources */ = {isa = PBXBuildFile; fileRef = DE45822F278A4BAC00C231CC /* Double.swift */; };
		DE7FA80E278D62D2006A9752 /* LocalFileManager.swift in Sources */ = {isa = PBXBuildFile; fileRef = DE7FA80D278D62D2006A9752 /* LocalFileManager.swift */; };
		DE7FA810278D7D71006A9752 /* SearchBarView.swift in Sources */ = {isa = PBXBuildFile; fileRef = DE7FA80F278D7D71006A9752 /* SearchBarView.swift */; };
		DE7FA812278D86BB006A9752 /* UIApplication.swift in Sources */ = {isa = PBXBuildFile; fileRef = DE7FA811278D86BB006A9752 /* UIApplication.swift */; };
		DE7FA814278DA52E006A9752 /* StatisticModel.swift in Sources */ = {isa = PBXBuildFile; fileRef = DE7FA813278DA52E006A9752 /* StatisticModel.swift */; };
		DE9CA7E12790410800B4F08E /* PortfolioView.swift in Sources */ = {isa = PBXBuildFile; fileRef = DE9CA7E02790410800B4F08E /* PortfolioView.swift */; };
		DE9CA7E527904A2D00B4F08E /* XMarkButton.swift in Sources */ = {isa = PBXBuildFile; fileRef = DE9CA7E427904A2D00B4F08E /* XMarkButton.swift */; };
		DE9CA7E7279050FD00B4F08E /* CoinLogoView.swift in Sources */ = {isa = PBXBuildFile; fileRef = DE9CA7E6279050FD00B4F08E /* CoinLogoView.swift */; };
		DED97D25278AAA0800B4A796 /* HomeViewModel.swift in Sources */ = {isa = PBXBuildFile; fileRef = DED97D24278AAA0800B4A796 /* HomeViewModel.swift */; };
		DED97D28278AED3000B4A796 /* CoinDataService.swift in Sources */ = {isa = PBXBuildFile; fileRef = DED97D27278AED3000B4A796 /* CoinDataService.swift */; };
		DEDA9502278ECAA900191865 /* StatisticView.swift in Sources */ = {isa = PBXBuildFile; fileRef = DEDA9501278ECAA900191865 /* StatisticView.swift */; };
		DEDA9504278ED69500191865 /* HomeStatisticView.swift in Sources */ = {isa = PBXBuildFile; fileRef = DEDA9503278ED69500191865 /* HomeStatisticView.swift */; };
		DEDA9506278EE08900191865 /* MarketDataModel.swift in Sources */ = {isa = PBXBuildFile; fileRef = DEDA9505278EE08900191865 /* MarketDataModel.swift */; };
		DEDA950A278EEFE400191865 /* MarketDataService.swift in Sources */ = {isa = PBXBuildFile; fileRef = DEDA9509278EEFE400191865 /* MarketDataService.swift */; };
		DEE7BEF9278C8DF0003892DF /* NetworkingManager.swift in Sources */ = {isa = PBXBuildFile; fileRef = DEE7BEF8278C8DF0003892DF /* NetworkingManager.swift */; };
		DEE7BEFC278CA5B1003892DF /* CoinImageView.swift in Sources */ = {isa = PBXBuildFile; fileRef = DEE7BEFB278CA5B1003892DF /* CoinImageView.swift */; };
		DEE7BEFE278CA95C003892DF /* CoinImageService.swift in Sources */ = {isa = PBXBuildFile; fileRef = DEE7BEFD278CA95C003892DF /* CoinImageService.swift */; };
		DEE7BF00278CAD2E003892DF /* CoinImageViewModel.swift in Sources */ = {isa = PBXBuildFile; fileRef = DEE7BEFF278CAD2E003892DF /* CoinImageViewModel.swift */; };
/* End PBXBuildFile section */

/* Begin PBXFileReference section */
		DE4582032789E63D00C231CC /* CoinApp.app */ = {isa = PBXFileReference; explicitFileType = wrapper.application; includeInIndex = 0; path = CoinApp.app; sourceTree = BUILT_PRODUCTS_DIR; };
		DE4582062789E63D00C231CC /* CoinAppApp.swift */ = {isa = PBXFileReference; lastKnownFileType = sourcecode.swift; path = CoinAppApp.swift; sourceTree = "<group>"; };
		DE4582082789E63D00C231CC /* ContentView.swift */ = {isa = PBXFileReference; lastKnownFileType = sourcecode.swift; path = ContentView.swift; sourceTree = "<group>"; };
		DE45820D2789E63F00C231CC /* Preview Assets.xcassets */ = {isa = PBXFileReference; lastKnownFileType = folder.assetcatalog; path = "Preview Assets.xcassets"; sourceTree = "<group>"; };
		DE4582142789E74B00C231CC /* Assets.xcassets */ = {isa = PBXFileReference; lastKnownFileType = folder.assetcatalog; name = Assets.xcassets; path = ../../../Downloads/Resources/Assets.xcassets; sourceTree = "<group>"; };
		DE45821A2789E98C00C231CC /* Color.swift */ = {isa = PBXFileReference; lastKnownFileType = sourcecode.swift; path = Color.swift; sourceTree = "<group>"; };
		DE45821F2789ECDC00C231CC /* HomeView.swift */ = {isa = PBXFileReference; lastKnownFileType = sourcecode.swift; path = HomeView.swift; sourceTree = "<group>"; };
		DE4582242789EEFE00C231CC /* CircleButtonView.swift */ = {isa = PBXFileReference; lastKnownFileType = sourcecode.swift; path = CircleButtonView.swift; sourceTree = "<group>"; };
		DE458226278A217F00C231CC /* CircleButtonAnimationView.swift */ = {isa = PBXFileReference; lastKnownFileType = sourcecode.swift; path = CircleButtonAnimationView.swift; sourceTree = "<group>"; };
		DE458229278A2B2D00C231CC /* CoinModel.swift */ = {isa = PBXFileReference; lastKnownFileType = sourcecode.swift; path = CoinModel.swift; sourceTree = "<group>"; };
		DE45822B278A40DF00C231CC /* CoinRowView.swift */ = {isa = PBXFileReference; lastKnownFileType = sourcecode.swift; path = CoinRowView.swift; sourceTree = "<group>"; };
		DE45822D278A410100C231CC /* PreviewProvider.swift */ = {isa = PBXFileReference; lastKnownFileType = sourcecode.swift; path = PreviewProvider.swift; sourceTree = "<group>"; };
		DE45822F278A4BAC00C231CC /* Double.swift */ = {isa = PBXFileReference; lastKnownFileType = sourcecode.swift; path = Double.swift; sourceTree = "<group>"; };
		DE7FA80D278D62D2006A9752 /* LocalFileManager.swift */ = {isa = PBXFileReference; lastKnownFileType = sourcecode.swift; path = LocalFileManager.swift; sourceTree = "<group>"; };
		DE7FA80F278D7D71006A9752 /* SearchBarView.swift */ = {isa = PBXFileReference; lastKnownFileType = sourcecode.swift; path = SearchBarView.swift; sourceTree = "<group>"; };
		DE7FA811278D86BB006A9752 /* UIApplication.swift */ = {isa = PBXFileReference; lastKnownFileType = sourcecode.swift; path = UIApplication.swift; sourceTree = "<group>"; };
		DE7FA813278DA52E006A9752 /* StatisticModel.swift */ = {isa = PBXFileReference; lastKnownFileType = sourcecode.swift; path = StatisticModel.swift; sourceTree = "<group>"; };
		DE9CA7E02790410800B4F08E /* PortfolioView.swift */ = {isa = PBXFileReference; lastKnownFileType = sourcecode.swift; path = PortfolioView.swift; sourceTree = "<group>"; };
		DE9CA7E427904A2D00B4F08E /* XMarkButton.swift */ = {isa = PBXFileReference; lastKnownFileType = sourcecode.swift; path = XMarkButton.swift; sourceTree = "<group>"; };
		DE9CA7E6279050FD00B4F08E /* CoinLogoView.swift */ = {isa = PBXFileReference; lastKnownFileType = sourcecode.swift; path = CoinLogoView.swift; sourceTree = "<group>"; };
		DED97D24278AAA0800B4A796 /* HomeViewModel.swift */ = {isa = PBXFileReference; lastKnownFileType = sourcecode.swift; path = HomeViewModel.swift; sourceTree = "<group>"; };
		DED97D27278AED3000B4A796 /* CoinDataService.swift */ = {isa = PBXFileReference; lastKnownFileType = sourcecode.swift; path = CoinDataService.swift; sourceTree = "<group>"; };
		DEDA9501278ECAA900191865 /* StatisticView.swift */ = {isa = PBXFileReference; lastKnownFileType = sourcecode.swift; path = StatisticView.swift; sourceTree = "<group>"; };
		DEDA9503278ED69500191865 /* HomeStatisticView.swift */ = {isa = PBXFileReference; lastKnownFileType = sourcecode.swift; path = HomeStatisticView.swift; sourceTree = "<group>"; };
		DEDA9505278EE08900191865 /* MarketDataModel.swift */ = {isa = PBXFileReference; lastKnownFileType = sourcecode.swift; path = MarketDataModel.swift; sourceTree = "<group>"; };
		DEDA9509278EEFE400191865 /* MarketDataService.swift */ = {isa = PBXFileReference; lastKnownFileType = sourcecode.swift; path = MarketDataService.swift; sourceTree = "<group>"; };
		DEE7BEF8278C8DF0003892DF /* NetworkingManager.swift */ = {isa = PBXFileReference; lastKnownFileType = sourcecode.swift; path = NetworkingManager.swift; sourceTree = "<group>"; };
		DEE7BEFB278CA5B1003892DF /* CoinImageView.swift */ = {isa = PBXFileReference; lastKnownFileType = sourcecode.swift; path = CoinImageView.swift; sourceTree = "<group>"; };
		DEE7BEFD278CA95C003892DF /* CoinImageService.swift */ = {isa = PBXFileReference; lastKnownFileType = sourcecode.swift; path = CoinImageService.swift; sourceTree = "<group>"; };
		DEE7BEFF278CAD2E003892DF /* CoinImageViewModel.swift */ = {isa = PBXFileReference; lastKnownFileType = sourcecode.swift; path = CoinImageViewModel.swift; sourceTree = "<group>"; };
/* End PBXFileReference section */

/* Begin PBXFrameworksBuildPhase section */
		DE4582002789E63D00C231CC /* Frameworks */ = {
			isa = PBXFrameworksBuildPhase;
			buildActionMask = 2147483647;
			files = (
			);
			runOnlyForDeploymentPostprocessing = 0;
		};
/* End PBXFrameworksBuildPhase section */

/* Begin PBXGroup section */
		DE4581FA2789E63D00C231CC = {
			isa = PBXGroup;
			children = (
				DE4582052789E63D00C231CC /* CoinApp */,
				DE4582042789E63D00C231CC /* Products */,
			);
			sourceTree = "<group>";
		};
		DE4582042789E63D00C231CC /* Products */ = {
			isa = PBXGroup;
			children = (
				DE4582032789E63D00C231CC /* CoinApp.app */,
			);
			name = Products;
			sourceTree = "<group>";
		};
		DE4582052789E63D00C231CC /* CoinApp */ = {
			isa = PBXGroup;
			children = (
				DE4582062789E63D00C231CC /* CoinAppApp.swift */,
				DEE7BEF7278C8DAF003892DF /* Utilities */,
				DE4582182789E8C100C231CC /* Extentsions */,
				DED97D26278AECF300B4A796 /* Services */,
				DE458228278A2AE500C231CC /* Models */,
				DE45821C2789EC9500C231CC /* Core */,
				DE4582082789E63D00C231CC /* ContentView.swift */,
				DE4582142789E74B00C231CC /* Assets.xcassets */,
				DE45820C2789E63F00C231CC /* Preview Content */,
			);
			path = CoinApp;
			sourceTree = "<group>";
		};
		DE45820C2789E63F00C231CC /* Preview Content */ = {
			isa = PBXGroup;
			children = (
				DE45820D2789E63F00C231CC /* Preview Assets.xcassets */,
			);
			path = "Preview Content";
			sourceTree = "<group>";
		};
		DE4582182789E8C100C231CC /* Extentsions */ = {
			isa = PBXGroup;
			children = (
				DE45821A2789E98C00C231CC /* Color.swift */,
				DE45822D278A410100C231CC /* PreviewProvider.swift */,
				DE45822F278A4BAC00C231CC /* Double.swift */,
				DE7FA811278D86BB006A9752 /* UIApplication.swift */,
			);
			path = Extentsions;
			sourceTree = "<group>";
		};
		DE45821C2789EC9500C231CC /* Core */ = {
			isa = PBXGroup;
			children = (
				DE4582222789EEC200C231CC /* Components */,
				DE4582212789EEAA00C231CC /* Home */,
			);
			path = Core;
			sourceTree = "<group>";
		};
		DE45821D2789ECAB00C231CC /* Views */ = {
			isa = PBXGroup;
			children = (
				DE45821F2789ECDC00C231CC /* HomeView.swift */,
				DE9CA7E02790410800B4F08E /* PortfolioView.swift */,
				DE45822B278A40DF00C231CC /* CoinRowView.swift */,
				DEDA9503278ED69500191865 /* HomeStatisticView.swift */,
			);
			path = Views;
			sourceTree = "<group>";
		};
		DE45821E2789ECC400C231CC /* ViewModels */ = {
			isa = PBXGroup;
			children = (
				DED97D24278AAA0800B4A796 /* HomeViewModel.swift */,
			);
			path = ViewModels;
			sourceTree = "<group>";
		};
		DE4582212789EEAA00C231CC /* Home */ = {
			isa = PBXGroup;
			children = (
				DE45821E2789ECC400C231CC /* ViewModels */,
				DE45821D2789ECAB00C231CC /* Views */,
			);
			path = Home;
			sourceTree = "<group>";
		};
		DE4582222789EEC200C231CC /* Components */ = {
			isa = PBXGroup;
			children = (
				DEE7BEFA278CA582003892DF /* CoinImage */,
				DE4582232789EECF00C231CC /* CircleButton */,
				DE7FA80F278D7D71006A9752 /* SearchBarView.swift */,
				DEDA9501278ECAA900191865 /* StatisticView.swift */,
				DE9CA7E427904A2D00B4F08E /* XMarkButton.swift */,
			);
			path = Components;
			sourceTree = "<group>";
		};
		DE4582232789EECF00C231CC /* CircleButton */ = {
			isa = PBXGroup;
			children = (
				DE4582242789EEFE00C231CC /* CircleButtonView.swift */,
				DE458226278A217F00C231CC /* CircleButtonAnimationView.swift */,
			);
			path = CircleButton;
			sourceTree = "<group>";
		};
		DE458228278A2AE500C231CC /* Models */ = {
			isa = PBXGroup;
			children = (
				DE458229278A2B2D00C231CC /* CoinModel.swift */,
				DE7FA813278DA52E006A9752 /* StatisticModel.swift */,
				DEDA9505278EE08900191865 /* MarketDataModel.swift */,
			);
			path = Models;
			sourceTree = "<group>";
		};
		DED97D26278AECF300B4A796 /* Services */ = {
			isa = PBXGroup;
			children = (
				DED97D27278AED3000B4A796 /* CoinDataService.swift */,
				DEE7BEFD278CA95C003892DF /* CoinImageService.swift */,
				DEDA9509278EEFE400191865 /* MarketDataService.swift */,
			);
			path = Services;
			sourceTree = "<group>";
		};
		DEE7BEF7278C8DAF003892DF /* Utilities */ = {
			isa = PBXGroup;
			children = (
				DEE7BEF8278C8DF0003892DF /* NetworkingManager.swift */,
				DE7FA80D278D62D2006A9752 /* LocalFileManager.swift */,
			);
			path = Utilities;
			sourceTree = "<group>";
		};
		DEE7BEFA278CA582003892DF /* CoinImage */ = {
			isa = PBXGroup;
			children = (
				DEE7BEFB278CA5B1003892DF /* CoinImageView.swift */,
				DEE7BEFF278CAD2E003892DF /* CoinImageViewModel.swift */,
				DE9CA7E6279050FD00B4F08E /* CoinLogoView.swift */,
			);
			path = CoinImage;
			sourceTree = "<group>";
		};
/* End PBXGroup section */

/* Begin PBXNativeTarget section */
		DE4582022789E63D00C231CC /* CoinApp */ = {
			isa = PBXNativeTarget;
			buildConfigurationList = DE4582112789E63F00C231CC /* Build configuration list for PBXNativeTarget "CoinApp" */;
			buildPhases = (
				DE4581FF2789E63D00C231CC /* Sources */,
				DE4582002789E63D00C231CC /* Frameworks */,
				DE4582012789E63D00C231CC /* Resources */,
			);
			buildRules = (
			);
			dependencies = (
			);
			name = CoinApp;
			productName = CoinApp;
			productReference = DE4582032789E63D00C231CC /* CoinApp.app */;
			productType = "com.apple.product-type.application";
		};
/* End PBXNativeTarget section */

/* Begin PBXProject section */
		DE4581FB2789E63D00C231CC /* Project object */ = {
			isa = PBXProject;
			attributes = {
				BuildIndependentTargetsInParallel = 1;
				LastSwiftUpdateCheck = 1320;
				LastUpgradeCheck = 1320;
				TargetAttributes = {
					DE4582022789E63D00C231CC = {
						CreatedOnToolsVersion = 13.2.1;
					};
				};
			};
			buildConfigurationList = DE4581FE2789E63D00C231CC /* Build configuration list for PBXProject "CoinApp" */;
			compatibilityVersion = "Xcode 13.0";
			developmentRegion = en;
			hasScannedForEncodings = 0;
			knownRegions = (
				en,
				Base,
			);
			mainGroup = DE4581FA2789E63D00C231CC;
			productRefGroup = DE4582042789E63D00C231CC /* Products */;
			projectDirPath = "";
			projectRoot = "";
			targets = (
				DE4582022789E63D00C231CC /* CoinApp */,
			);
		};
/* End PBXProject section */

/* Begin PBXResourcesBuildPhase section */
		DE4582012789E63D00C231CC /* Resources */ = {
			isa = PBXResourcesBuildPhase;
			buildActionMask = 2147483647;
			files = (
				DE45820E2789E63F00C231CC /* Preview Assets.xcassets in Resources */,
				DE4582152789E74B00C231CC /* Assets.xcassets in Resources */,
			);
			runOnlyForDeploymentPostprocessing = 0;
		};
/* End PBXResourcesBuildPhase section */

/* Begin PBXSourcesBuildPhase section */
		DE4581FF2789E63D00C231CC /* Sources */ = {
			isa = PBXSourcesBuildPhase;
			buildActionMask = 2147483647;
			files = (
				DEDA9504278ED69500191865 /* HomeStatisticView.swift in Sources */,
				DE7FA814278DA52E006A9752 /* StatisticModel.swift in Sources */,
				DED97D28278AED3000B4A796 /* CoinDataService.swift in Sources */,
				DE9CA7E527904A2D00B4F08E /* XMarkButton.swift in Sources */,
				DE45822C278A40DF00C231CC /* CoinRowView.swift in Sources */,
				DED97D25278AAA0800B4A796 /* HomeViewModel.swift in Sources */,
				DE4582092789E63D00C231CC /* ContentView.swift in Sources */,
				DEDA9506278EE08900191865 /* MarketDataModel.swift in Sources */,
				DE7FA80E278D62D2006A9752 /* LocalFileManager.swift in Sources */,
				DE4582202789ECDC00C231CC /* HomeView.swift in Sources */,
				DEDA9502278ECAA900191865 /* StatisticView.swift in Sources */,
				DEE7BEFC278CA5B1003892DF /* CoinImageView.swift in Sources */,
				DE4582072789E63D00C231CC /* CoinAppApp.swift in Sources */,
				DE7FA812278D86BB006A9752 /* UIApplication.swift in Sources */,
				DE4582252789EEFE00C231CC /* CircleButtonView.swift in Sources */,
				DE45821B2789E98C00C231CC /* Color.swift in Sources */,
				DE7FA810278D7D71006A9752 /* SearchBarView.swift in Sources */,
				DE9CA7E7279050FD00B4F08E /* CoinLogoView.swift in Sources */,
				DEE7BEF9278C8DF0003892DF /* NetworkingManager.swift in Sources */,
				DEDA950A278EEFE400191865 /* MarketDataService.swift in Sources */,
				DE458227278A217F00C231CC /* CircleButtonAnimationView.swift in Sources */,
				DEE7BF00278CAD2E003892DF /* CoinImageViewModel.swift in Sources */,
				DE45822E278A410100C231CC /* PreviewProvider.swift in Sources */,
				DE9CA7E12790410800B4F08E /* PortfolioView.swift in Sources */,
				DE458230278A4BAC00C231CC /* Double.swift in Sources */,
				DEE7BEFE278CA95C003892DF /* CoinImageService.swift in Sources */,
				DE45822A278A2B2D00C231CC /* CoinModel.swift in Sources */,
			);
			runOnlyForDeploymentPostprocessing = 0;
		};
/* End PBXSourcesBuildPhase section */

/* Begin XCBuildConfiguration section */
		DE45820F2789E63F00C231CC /* Debug */ = {
			isa = XCBuildConfiguration;
			buildSettings = {
				ALWAYS_SEARCH_USER_PATHS = NO;
				CLANG_ANALYZER_NONNULL = YES;
				CLANG_ANALYZER_NUMBER_OBJECT_CONVERSION = YES_AGGRESSIVE;
				CLANG_CXX_LANGUAGE_STANDARD = "gnu++17";
				CLANG_CXX_LIBRARY = "libc++";
				CLANG_ENABLE_MODULES = YES;
				CLANG_ENABLE_OBJC_ARC = YES;
				CLANG_ENABLE_OBJC_WEAK = YES;
				CLANG_WARN_BLOCK_CAPTURE_AUTORELEASING = YES;
				CLANG_WARN_BOOL_CONVERSION = YES;
				CLANG_WARN_COMMA = YES;
				CLANG_WARN_CONSTANT_CONVERSION = YES;
				CLANG_WARN_DEPRECATED_OBJC_IMPLEMENTATIONS = YES;
				CLANG_WARN_DIRECT_OBJC_ISA_USAGE = YES_ERROR;
				CLANG_WARN_DOCUMENTATION_COMMENTS = YES;
				CLANG_WARN_EMPTY_BODY = YES;
				CLANG_WARN_ENUM_CONVERSION = YES;
				CLANG_WARN_INFINITE_RECURSION = YES;
				CLANG_WARN_INT_CONVERSION = YES;
				CLANG_WARN_NON_LITERAL_NULL_CONVERSION = YES;
				CLANG_WARN_OBJC_IMPLICIT_RETAIN_SELF = YES;
				CLANG_WARN_OBJC_LITERAL_CONVERSION = YES;
				CLANG_WARN_OBJC_ROOT_CLASS = YES_ERROR;
				CLANG_WARN_QUOTED_INCLUDE_IN_FRAMEWORK_HEADER = YES;
				CLANG_WARN_RANGE_LOOP_ANALYSIS = YES;
				CLANG_WARN_STRICT_PROTOTYPES = YES;
				CLANG_WARN_SUSPICIOUS_MOVE = YES;
				CLANG_WARN_UNGUARDED_AVAILABILITY = YES_AGGRESSIVE;
				CLANG_WARN_UNREACHABLE_CODE = YES;
				CLANG_WARN__DUPLICATE_METHOD_MATCH = YES;
				COPY_PHASE_STRIP = NO;
				DEBUG_INFORMATION_FORMAT = dwarf;
				ENABLE_STRICT_OBJC_MSGSEND = YES;
				ENABLE_TESTABILITY = YES;
				GCC_C_LANGUAGE_STANDARD = gnu11;
				GCC_DYNAMIC_NO_PIC = NO;
				GCC_NO_COMMON_BLOCKS = YES;
				GCC_OPTIMIZATION_LEVEL = 0;
				GCC_PREPROCESSOR_DEFINITIONS = (
					"DEBUG=1",
					"$(inherited)",
				);
				GCC_WARN_64_TO_32_BIT_CONVERSION = YES;
				GCC_WARN_ABOUT_RETURN_TYPE = YES_ERROR;
				GCC_WARN_UNDECLARED_SELECTOR = YES;
				GCC_WARN_UNINITIALIZED_AUTOS = YES_AGGRESSIVE;
				GCC_WARN_UNUSED_FUNCTION = YES;
				GCC_WARN_UNUSED_VARIABLE = YES;
				IPHONEOS_DEPLOYMENT_TARGET = 15.2;
				MTL_ENABLE_DEBUG_INFO = INCLUDE_SOURCE;
				MTL_FAST_MATH = YES;
				ONLY_ACTIVE_ARCH = YES;
				SDKROOT = iphoneos;
				SWIFT_ACTIVE_COMPILATION_CONDITIONS = DEBUG;
				SWIFT_OPTIMIZATION_LEVEL = "-Onone";
			};
			name = Debug;
		};
		DE4582102789E63F00C231CC /* Release */ = {
			isa = XCBuildConfiguration;
			buildSettings = {
				ALWAYS_SEARCH_USER_PATHS = NO;
				CLANG_ANALYZER_NONNULL = YES;
				CLANG_ANALYZER_NUMBER_OBJECT_CONVERSION = YES_AGGRESSIVE;
				CLANG_CXX_LANGUAGE_STANDARD = "gnu++17";
				CLANG_CXX_LIBRARY = "libc++";
				CLANG_ENABLE_MODULES = YES;
				CLANG_ENABLE_OBJC_ARC = YES;
				CLANG_ENABLE_OBJC_WEAK = YES;
				CLANG_WARN_BLOCK_CAPTURE_AUTORELEASING = YES;
				CLANG_WARN_BOOL_CONVERSION = YES;
				CLANG_WARN_COMMA = YES;
				CLANG_WARN_CONSTANT_CONVERSION = YES;
				CLANG_WARN_DEPRECATED_OBJC_IMPLEMENTATIONS = YES;
				CLANG_WARN_DIRECT_OBJC_ISA_USAGE = YES_ERROR;
				CLANG_WARN_DOCUMENTATION_COMMENTS = YES;
				CLANG_WARN_EMPTY_BODY = YES;
				CLANG_WARN_ENUM_CONVERSION = YES;
				CLANG_WARN_INFINITE_RECURSION = YES;
				CLANG_WARN_INT_CONVERSION = YES;
				CLANG_WARN_NON_LITERAL_NULL_CONVERSION = YES;
				CLANG_WARN_OBJC_IMPLICIT_RETAIN_SELF = YES;
				CLANG_WARN_OBJC_LITERAL_CONVERSION = YES;
				CLANG_WARN_OBJC_ROOT_CLASS = YES_ERROR;
				CLANG_WARN_QUOTED_INCLUDE_IN_FRAMEWORK_HEADER = YES;
				CLANG_WARN_RANGE_LOOP_ANALYSIS = YES;
				CLANG_WARN_STRICT_PROTOTYPES = YES;
				CLANG_WARN_SUSPICIOUS_MOVE = YES;
				CLANG_WARN_UNGUARDED_AVAILABILITY = YES_AGGRESSIVE;
				CLANG_WARN_UNREACHABLE_CODE = YES;
				CLANG_WARN__DUPLICATE_METHOD_MATCH = YES;
				COPY_PHASE_STRIP = NO;
				DEBUG_INFORMATION_FORMAT = "dwarf-with-dsym";
				ENABLE_NS_ASSERTIONS = NO;
				ENABLE_STRICT_OBJC_MSGSEND = YES;
				GCC_C_LANGUAGE_STANDARD = gnu11;
				GCC_NO_COMMON_BLOCKS = YES;
				GCC_WARN_64_TO_32_BIT_CONVERSION = YES;
				GCC_WARN_ABOUT_RETURN_TYPE = YES_ERROR;
				GCC_WARN_UNDECLARED_SELECTOR = YES;
				GCC_WARN_UNINITIALIZED_AUTOS = YES_AGGRESSIVE;
				GCC_WARN_UNUSED_FUNCTION = YES;
				GCC_WARN_UNUSED_VARIABLE = YES;
				IPHONEOS_DEPLOYMENT_TARGET = 15.2;
				MTL_ENABLE_DEBUG_INFO = NO;
				MTL_FAST_MATH = YES;
				SDKROOT = iphoneos;
				SWIFT_COMPILATION_MODE = wholemodule;
				SWIFT_OPTIMIZATION_LEVEL = "-O";
				VALIDATE_PRODUCT = YES;
			};
			name = Release;
		};
		DE4582122789E63F00C231CC /* Debug */ = {
			isa = XCBuildConfiguration;
			buildSettings = {
				ASSETCATALOG_COMPILER_APPICON_NAME = AppIcon;
				ASSETCATALOG_COMPILER_GLOBAL_ACCENT_COLOR_NAME = AccentColor;
				CODE_SIGN_STYLE = Automatic;
				CURRENT_PROJECT_VERSION = 1;
				DEVELOPMENT_ASSET_PATHS = "\"CoinApp/Preview Content\"";
				DEVELOPMENT_TEAM = 39482WDT6F;
				ENABLE_PREVIEWS = YES;
				GENERATE_INFOPLIST_FILE = YES;
				INFOPLIST_KEY_UIApplicationSceneManifest_Generation = YES;
				INFOPLIST_KEY_UIApplicationSupportsIndirectInputEvents = YES;
				INFOPLIST_KEY_UILaunchScreen_Generation = YES;
				INFOPLIST_KEY_UISupportedInterfaceOrientations = UIInterfaceOrientationPortrait;
				INFOPLIST_KEY_UISupportedInterfaceOrientations_iPad = "UIInterfaceOrientationPortrait UIInterfaceOrientationPortraitUpsideDown UIInterfaceOrientationLandscapeLeft UIInterfaceOrientationLandscapeRight";
				INFOPLIST_KEY_UISupportedInterfaceOrientations_iPhone = "UIInterfaceOrientationPortrait UIInterfaceOrientationLandscapeLeft UIInterfaceOrientationLandscapeRight";
				LD_RUNPATH_SEARCH_PATHS = (
					"$(inherited)",
					"@executable_path/Frameworks",
				);
				MARKETING_VERSION = 1.0;
				PRODUCT_BUNDLE_IDENTIFIER = ondavr.com.CoinApp;
				PRODUCT_NAME = "$(TARGET_NAME)";
				SWIFT_EMIT_LOC_STRINGS = YES;
				SWIFT_VERSION = 5.0;
				TARGETED_DEVICE_FAMILY = "1,2";
			};
			name = Debug;
		};
		DE4582132789E63F00C231CC /* Release */ = {
			isa = XCBuildConfiguration;
			buildSettings = {
				ASSETCATALOG_COMPILER_APPICON_NAME = AppIcon;
				ASSETCATALOG_COMPILER_GLOBAL_ACCENT_COLOR_NAME = AccentColor;
				CODE_SIGN_STYLE = Automatic;
				CURRENT_PROJECT_VERSION = 1;
				DEVELOPMENT_ASSET_PATHS = "\"CoinApp/Preview Content\"";
				DEVELOPMENT_TEAM = 39482WDT6F;
				ENABLE_PREVIEWS = YES;
				GENERATE_INFOPLIST_FILE = YES;
				INFOPLIST_KEY_UIApplicationSceneManifest_Generation = YES;
				INFOPLIST_KEY_UIApplicationSupportsIndirectInputEvents = YES;
				INFOPLIST_KEY_UILaunchScreen_Generation = YES;
				INFOPLIST_KEY_UISupportedInterfaceOrientations = UIInterfaceOrientationPortrait;
				INFOPLIST_KEY_UISupportedInterfaceOrientations_iPad = "UIInterfaceOrientationPortrait UIInterfaceOrientationPortraitUpsideDown UIInterfaceOrientationLandscapeLeft UIInterfaceOrientationLandscapeRight";
				INFOPLIST_KEY_UISupportedInterfaceOrientations_iPhone = "UIInterfaceOrientationPortrait UIInterfaceOrientationLandscapeLeft UIInterfaceOrientationLandscapeRight";
				LD_RUNPATH_SEARCH_PATHS = (
					"$(inherited)",
					"@executable_path/Frameworks",
				);
				MARKETING_VERSION = 1.0;
				PRODUCT_BUNDLE_IDENTIFIER = ondavr.com.CoinApp;
				PRODUCT_NAME = "$(TARGET_NAME)";
				SWIFT_EMIT_LOC_STRINGS = YES;
				SWIFT_VERSION = 5.0;
				TARGETED_DEVICE_FAMILY = "1,2";
			};
			name = Release;
		};
/* End XCBuildConfiguration section */

/* Begin XCConfigurationList section */
		DE4581FE2789E63D00C231CC /* Build configuration list for PBXProject "CoinApp" */ = {
			isa = XCConfigurationList;
			buildConfigurations = (
				DE45820F2789E63F00C231CC /* Debug */,
				DE4582102789E63F00C231CC /* Release */,
			);
			defaultConfigurationIsVisible = 0;
			defaultConfigurationName = Release;
		};
		DE4582112789E63F00C231CC /* Build configuration list for PBXNativeTarget "CoinApp" */ = {
			isa = XCConfigurationList;
			buildConfigurations = (
				DE4582122789E63F00C231CC /* Debug */,
				DE4582132789E63F00C231CC /* Release */,
			);
			defaultConfigurationIsVisible = 0;
			defaultConfigurationName = Release;
		};
/* End XCConfigurationList section */
	};
	rootObject = DE4581FB2789E63D00C231CC /* Project object */;
}
